
Microsoft Visual Studio Solution File, Format Version 12.00
# Visual Studio Version 16
VisualStudioVersion = 16.0.29519.87
MinimumVisualStudioVersion = 10.0.40219.1
Project("{FAE04EC0-301F-11D3-BF4B-00C04F79EFBC}") = "ScreenshotsViewer", "ScreenshotsViewer\ScreenshotsViewer.csproj", "{0846CE7C-3796-4087-9A3A-7DA97F2EF914}"
EndProject
Project("{FAE04EC0-301F-11D3-BF4B-00C04F79EFBC}") = "MCBECore", "MCBECore\MCBECore.csproj", "{C52C889D-92D8-40B5-A084-AF73958C77F3}"
EndProject
Project("{FAE04EC0-301F-11D3-BF4B-00C04F79EFBC}") = "MCBECoreTest", "MCBECoreTest\MCBECoreTest.csproj", "{99357BCC-1958-424C-B7AD-5848B804091B}"
EndProject
Project("{FAE04EC0-301F-11D3-BF4B-00C04F79EFBC}") = "MCBEEditor", "MCBEEditor\MCBEEditor.csproj", "{324B5B59-AA0D-4B2B-8049-BB14508029F8}"
EndProject
Project("{FAE04EC0-301F-11D3-BF4B-00C04F79EFBC}") = "MCBEIdentifier", "MCBEIdentifier\MCBEIdentifier.csproj", "{5D73C8BB-CF3B-44B9-A458-6F468A30CDC2}"
EndProject
Global
	GlobalSection(SolutionConfigurationPlatforms) = preSolution
		Debug|Any CPU = Debug|Any CPU
		Release|Any CPU = Release|Any CPU
	EndGlobalSection
	GlobalSection(ProjectConfigurationPlatforms) = postSolution
		{0846CE7C-3796-4087-9A3A-7DA97F2EF914}.Debug|Any CPU.ActiveCfg = Debug|Any CPU
		{0846CE7C-3796-4087-9A3A-7DA97F2EF914}.Debug|Any CPU.Build.0 = Debug|Any CPU
		{0846CE7C-3796-4087-9A3A-7DA97F2EF914}.Release|Any CPU.ActiveCfg = Release|Any CPU
		{0846CE7C-3796-4087-9A3A-7DA97F2EF914}.Release|Any CPU.Build.0 = Release|Any CPU
		{C52C889D-92D8-40B5-A084-AF73958C77F3}.Debug|Any CPU.ActiveCfg = Debug|Any CPU
		{C52C889D-92D8-40B5-A084-AF73958C77F3}.Debug|Any CPU.Build.0 = Debug|Any CPU
		{C52C889D-92D8-40B5-A084-AF73958C77F3}.Release|Any CPU.ActiveCfg = Release|Any CPU
		{C52C889D-92D8-40B5-A084-AF73958C77F3}.Release|Any CPU.Build.0 = Release|Any CPU
		{99357BCC-1958-424C-B7AD-5848B804091B}.Debug|Any CPU.ActiveCfg = Debug|Any CPU
		{99357BCC-1958-424C-B7AD-5848B804091B}.Debug|Any CPU.Build.0 = Debug|Any CPU
		{99357BCC-1958-424C-B7AD-5848B804091B}.Release|Any CPU.ActiveCfg = Release|Any CPU
		{99357BCC-1958-424C-B7AD-5848B804091B}.Release|Any CPU.Build.0 = Release|Any CPU
		{324B5B59-AA0D-4B2B-8049-BB14508029F8}.Debug|Any CPU.ActiveCfg = Debug|Any CPU
		{324B5B59-AA0D-4B2B-8049-BB14508029F8}.Debug|Any CPU.Build.0 = Debug|Any CPU
		{324B5B59-AA0D-4B2B-8049-BB14508029F8}.Release|Any CPU.ActiveCfg = Release|Any CPU
		{324B5B59-AA0D-4B2B-8049-BB14508029F8}.Release|Any CPU.Build.0 = Release|Any CPU
		{5D73C8BB-CF3B-44B9-A458-6F468A30CDC2}.Debug|Any CPU.ActiveCfg = Debug|Any CPU
		{5D73C8BB-CF3B-44B9-A458-6F468A30CDC2}.Debug|Any CPU.Build.0 = Debug|Any CPU
		{5D73C8BB-CF3B-44B9-A458-6F468A30CDC2}.Release|Any CPU.ActiveCfg = Release|Any CPU
		{5D73C8BB-CF3B-44B9-A458-6F468A30CDC2}.Release|Any CPU.Build.0 = Release|Any CPU
	EndGlobalSection
	GlobalSection(SolutionProperties) = preSolution
		HideSolutionNode = FALSE
	EndGlobalSection
	GlobalSection(ExtensibilityGlobals) = postSolution
		SolutionGuid = {8B973A8E-360B-4B7B-8EB9-0F085CE5BC55}
	EndGlobalSection
EndGlobal
